{
  "version": 4,
  "terraform_version": "1.0.11",
  "serial": 33,
  "lineage": "fea60578-354b-b307-13df-811aa91b8956",
  "outputs": {
    "aws_account_id": {
      "value": "389860772464",
      "type": "string"
    },
    "aws_profile": {
      "value": "terraform",
      "type": "string"
    },
    "aws_region": {
      "value": "eu-central-1",
      "type": "string"
    },
    "bastion_instance_id": {
      "value": "i-055ee257fd1728ced",
      "type": "string"
    },
    "bastion_public_ip": {
      "value": "52.59.18.43",
      "type": "string"
    },
    "cluster_name": {
      "value": "notejam-deployment",
      "type": "string"
    },
    "db_name": {
      "value": "NotejamDeployment",
      "type": "string"
    },
    "k8s_cacert_data": {
      "value": "LS0tLS1CRUdJTiBDRVJUSUZJQ0FURS0tLS0tCk1JSUM1ekNDQWMrZ0F3SUJBZ0lCQURBTkJna3Foa2lHOXcwQkFRc0ZBREFWTVJNd0VRWURWUVFERXdwcmRXSmwKY201bGRHVnpNQjRYRFRJeE1USXdOVEUyTWpFeU5Gb1hEVE14TVRJd016RTJNakV5TkZvd0ZURVRNQkVHQTFVRQpBeE1LYTNWaVpYSnVaWFJsY3pDQ0FTSXdEUVlKS29aSWh2Y05BUUVCQlFBRGdnRVBBRENDQVFvQ2dnRUJBTU54CjFDQ1R5SHRyYkFSNTJzTDdWM3FmWkQvZ0FNRTR5M21WWFd2SU9hZDJpNWNnUklpT1oxYzNDYkdNTW5BYmJQN3gKTEJKU2R1TkNSU0hTaGtXYWg3NFF0RldEQ21JcVVGRFIzbENoVURHZFpMcUVsUVF2SEdVOWRrYjNRZlhwRlFSagpsRmdPc3pJS1hGcnlDK1VzTGVUNlRBNml0T2JSM0lScEpIOWNUM3hPeG02M2p6S1VDRkxTRU9QcWlaZWdzSnloCmZOOUZVTXdRZTJXNy9pZ2NUbGcrejVEUXpFaTJsRHpDejJMdm1SQVJ0bWNRdmwzRXlqaHpNSHk5a1QyK0FmNjAKMnFoZ3hOUjJncWVCaWs0cGFCTXZnQVVkcjhjTGFtMEJYMWpwb2UyQncvdFpUZGJLdDhlQnp4OWtzZ2hXbm1GZwoyNW44YnhEYWI3WFZYcnhpOXFjQ0F3RUFBYU5DTUVBd0RnWURWUjBQQVFIL0JBUURBZ0trTUE4R0ExVWRFd0VCCi93UUZNQU1CQWY4d0hRWURWUjBPQkJZRUZPUmhLejgwZXQ2bHQvQlh5Q3N6ZGl5dzhLR3BNQTBHQ1NxR1NJYjMKRFFFQkN3VUFBNElCQVFCV3k1clZxTjBaRGRUWHlmNkZTR2NSOGU2ME5QaEdvK0JRUXdWSGpyN2RtSHhKak9XUApENzZnTWwxUU9QL0FsdXV2Wm15d1BTN0dvTG9vV0ltdTZuUjcvK1IveG9oZ1ZqRnFoVUt3ZE4wTXdMZWRMUExjCjI5MnJxMUdYbk5OSFJXWmw5bXlOVlBhU1ppekc5UXkzUFphM2VORUt3M2wwbDdWQlVuWUxnNk0zK2tialg3aW0Ka0dibXFJVkF6MmVCeDA4MTZ0N284SEdoS21ndThmRWVKSDhRTWJMWFcvZUR5VWQyemt4MEhmaEtoZFdzWmVPcQpWZnZZMWNiOW1qUW1PUm9ROEVFTU9SZGd0MXRCb1NtMEh1Ym9jeE5ibkQvZFViLzBMdkV5YVBqWnR6eEprTXJDCis0TkZOWnkwZjRFcWRVenhUSy8ydmh1a2Exdyszb1FTQmU1ZAotLS0tLUVORCBDRVJUSUZJQ0FURS0tLS0tCg==",
      "type": "string"
    },
    "k8s_cluster_arn": {
      "value": "arn:aws:eks:eu-central-1:389860772464:cluster/notejam-deployment",
      "type": "string"
    },
    "k8s_cluster_name": {
      "value": "notejam-deployment",
      "type": "string"
    },
    "k8s_endpoint": {
      "value": "https://719C96EE13DE4FF8556CF2860D097691.gr7.eu-central-1.eks.amazonaws.com",
      "type": "string"
    },
    "registry_backend": {
      "value": "389860772464.dkr.ecr.eu-central-1.amazonaws.com/notejam-deployment-backend",
      "type": "string"
    }
  },
  "resources": [
    {
      "mode": "data",
      "type": "aws_ami",
      "name": "ubuntu",
      "provider": "provider[\"registry.terraform.io/hashicorp/aws\"]",
      "instances": [
        {
          "schema_version": 0,
          "attributes": {
            "architecture": "x86_64",
            "arn": "arn:aws:ec2:eu-central-1::image/ami-0d527b8c289b4af7f",
            "block_device_mappings": [
              {
                "device_name": "/dev/sda1",
                "ebs": {
                  "delete_on_termination": "true",
                  "encrypted": "false",
                  "iops": "0",
                  "snapshot_id": "snap-0868b25604cf2e3d0",
                  "throughput": "0",
                  "volume_size": "8",
                  "volume_type": "gp2"
                },
                "no_device": "",
                "virtual_name": ""
              },
              {
                "device_name": "/dev/sdb",
                "ebs": {},
                "no_device": "",
                "virtual_name": "ephemeral0"
              },
              {
                "device_name": "/dev/sdc",
                "ebs": {},
                "no_device": "",
                "virtual_name": "ephemeral1"
              }
            ],
            "creation_date": "2021-11-30T00:33:25.000Z",
            "description": "Canonical, Ubuntu, 20.04 LTS, amd64 focal image build on 2021-11-29",
            "ena_support": true,
            "executable_users": null,
            "filter": [
              {
                "name": "name",
                "values": [
                  "ubuntu/images/hvm-ssd/ubuntu-focal-20.04-amd64-server-*"
                ]
              },
              {
                "name": "virtualization-type",
                "values": [
                  "hvm"
                ]
              }
            ],
            "hypervisor": "xen",
            "id": "ami-0d527b8c289b4af7f",
            "image_id": "ami-0d527b8c289b4af7f",
            "image_location": "099720109477/ubuntu/images/hvm-ssd/ubuntu-focal-20.04-amd64-server-20211129",
            "image_owner_alias": null,
            "image_type": "machine",
            "kernel_id": null,
            "most_recent": true,
            "name": "ubuntu/images/hvm-ssd/ubuntu-focal-20.04-amd64-server-20211129",
            "name_regex": null,
            "owner_id": "099720109477",
            "owners": [
              "099720109477"
            ],
            "platform": null,
            "platform_details": "Linux/UNIX",
            "product_codes": [],
            "public": true,
            "ramdisk_id": null,
            "root_device_name": "/dev/sda1",
            "root_device_type": "ebs",
            "root_snapshot_id": "snap-0868b25604cf2e3d0",
            "sriov_net_support": "simple",
            "state": "available",
            "state_reason": {
              "code": "UNSET",
              "message": "UNSET"
            },
            "tags": {},
            "usage_operation": "RunInstances",
            "virtualization_type": "hvm"
          },
          "sensitive_attributes": []
        }
      ]
    },
    {
      "mode": "data",
      "type": "aws_caller_identity",
      "name": "current",
      "provider": "provider[\"registry.terraform.io/hashicorp/aws\"]",
      "instances": [
        {
          "schema_version": 0,
          "attributes": {
            "account_id": "389860772464",
            "arn": "arn:aws:iam::389860772464:user/terraform",
            "id": "389860772464",
            "user_id": "AIDAVVRMDJJYHTRP7ADOY"
          },
          "sensitive_attributes": []
        }
      ]
    },
    {
      "mode": "data",
      "type": "aws_secretsmanager_secret_version",
      "name": "db_creds",
      "provider": "provider[\"registry.terraform.io/hashicorp/aws\"]",
      "instances": [
        {
          "schema_version": 0,
          "attributes": {
            "arn": "arn:aws:secretsmanager:eu-central-1:389860772464:secret:notejam-deployment-db-creds-dsuhvU",
            "id": "notejam-deployment-db-creds|AWSCURRENT",
            "secret_binary": "",
            "secret_id": "notejam-deployment-db-creds",
            "secret_string": "{\n    \"db_user\": \"SU_b34dbb965ea04fdcbb34c234f76f636d\",\n    \"db_pass\": \"0c7677ba-59e9-41f3-a518-b98d877e7f90\"\n}\n",
            "version_id": "19a523f0-619a-4579-900c-e4434b56a1e0",
            "version_stage": "AWSCURRENT",
            "version_stages": [
              "AWSCURRENT"
            ]
          },
          "sensitive_attributes": []
        }
      ]
    },
    {
      "mode": "managed",
      "type": "aws_db_subnet_group",
      "name": "db",
      "provider": "provider[\"registry.terraform.io/hashicorp/aws\"]",
      "instances": [
        {
          "schema_version": 0,
          "attributes": {
            "arn": "arn:aws:rds:eu-central-1:389860772464:subgrp:notejam-deployment",
            "description": "Managed by Terraform",
            "id": "notejam-deployment",
            "name": "notejam-deployment",
            "name_prefix": null,
            "subnet_ids": [
              "subnet-01f0d5da51893ab3e",
              "subnet-09772d39d559bdb1c"
            ],
            "tags": {
              "Name": "notejam-deployment"
            },
            "tags_all": {
              "Name": "notejam-deployment"
            }
          },
          "sensitive_attributes": [],
          "private": "bnVsbA==",
          "dependencies": [
            "aws_subnet.private_subnet1",
            "aws_subnet.private_subnet2",
            "aws_vpc.main"
          ]
        }
      ]
    },
    {
      "mode": "managed",
      "type": "aws_ecr_repository",
      "name": "backend",
      "provider": "provider[\"registry.terraform.io/hashicorp/aws\"]",
      "instances": [
        {
          "schema_version": 0,
          "attributes": {
            "arn": "arn:aws:ecr:eu-central-1:389860772464:repository/notejam-deployment-backend",
            "encryption_configuration": [
              {
                "encryption_type": "AES256",
                "kms_key": ""
              }
            ],
            "id": "notejam-deployment-backend",
            "image_scanning_configuration": [
              {
                "scan_on_push": true
              }
            ],
            "image_tag_mutability": "IMMUTABLE",
            "name": "notejam-deployment-backend",
            "registry_id": "389860772464",
            "repository_url": "389860772464.dkr.ecr.eu-central-1.amazonaws.com/notejam-deployment-backend",
            "tags": null,
            "tags_all": {},
            "timeouts": null
          },
          "sensitive_attributes": [],
          "private": "eyJlMmJmYjczMC1lY2FhLTExZTYtOGY4OC0zNDM2M2JjN2M0YzAiOnsiZGVsZXRlIjoxMjAwMDAwMDAwMDAwfX0="
        }
      ]
    },
    {
      "mode": "managed",
      "type": "aws_eip",
      "name": "nat_gw1",
      "provider": "provider[\"registry.terraform.io/hashicorp/aws\"]",
      "instances": [
        {
          "schema_version": 0,
          "attributes": {
            "address": null,
            "allocation_id": "eipalloc-003eb178a4ac293e6",
            "associate_with_private_ip": null,
            "association_id": "",
            "carrier_ip": "",
            "customer_owned_ip": "",
            "customer_owned_ipv4_pool": "",
            "domain": "vpc",
            "id": "eipalloc-003eb178a4ac293e6",
            "instance": "",
            "network_border_group": "eu-central-1",
            "network_interface": "",
            "private_dns": null,
            "private_ip": "",
            "public_dns": "ec2-3-70-165-77.eu-central-1.compute.amazonaws.com",
            "public_ip": "3.70.165.77",
            "public_ipv4_pool": "amazon",
            "tags": null,
            "tags_all": {},
            "timeouts": null,
            "vpc": true
          },
          "sensitive_attributes": [],
          "private": "eyJlMmJmYjczMC1lY2FhLTExZTYtOGY4OC0zNDM2M2JjN2M0YzAiOnsiZGVsZXRlIjoxODAwMDAwMDAwMDAsInJlYWQiOjkwMDAwMDAwMDAwMCwidXBkYXRlIjozMDAwMDAwMDAwMDB9fQ==",
          "dependencies": [
            "aws_internet_gateway.gw",
            "aws_vpc.main"
          ]
        }
      ]
    },
    {
      "mode": "managed",
      "type": "aws_eip",
      "name": "nat_gw2",
      "provider": "provider[\"registry.terraform.io/hashicorp/aws\"]",
      "instances": [
        {
          "schema_version": 0,
          "attributes": {
            "address": null,
            "allocation_id": "eipalloc-0c3cfa467a078f518",
            "associate_with_private_ip": null,
            "association_id": "",
            "carrier_ip": "",
            "customer_owned_ip": "",
            "customer_owned_ipv4_pool": "",
            "domain": "vpc",
            "id": "eipalloc-0c3cfa467a078f518",
            "instance": "",
            "network_border_group": "eu-central-1",
            "network_interface": "",
            "private_dns": null,
            "private_ip": "",
            "public_dns": "ec2-52-29-198-110.eu-central-1.compute.amazonaws.com",
            "public_ip": "52.29.198.110",
            "public_ipv4_pool": "amazon",
            "tags": null,
            "tags_all": {},
            "timeouts": null,
            "vpc": true
          },
          "sensitive_attributes": [],
          "private": "eyJlMmJmYjczMC1lY2FhLTExZTYtOGY4OC0zNDM2M2JjN2M0YzAiOnsiZGVsZXRlIjoxODAwMDAwMDAwMDAsInJlYWQiOjkwMDAwMDAwMDAwMCwidXBkYXRlIjozMDAwMDAwMDAwMDB9fQ==",
          "dependencies": [
            "aws_internet_gateway.gw",
            "aws_vpc.main"
          ]
        }
      ]
    },
    {
      "mode": "managed",
      "type": "aws_eks_cluster",
      "name": "k8s",
      "provider": "provider[\"registry.terraform.io/hashicorp/aws\"]",
      "instances": [
        {
          "schema_version": 0,
          "attributes": {
            "arn": "arn:aws:eks:eu-central-1:389860772464:cluster/notejam-deployment",
            "certificate_authority": [
              {
                "data": "LS0tLS1CRUdJTiBDRVJUSUZJQ0FURS0tLS0tCk1JSUM1ekNDQWMrZ0F3SUJBZ0lCQURBTkJna3Foa2lHOXcwQkFRc0ZBREFWTVJNd0VRWURWUVFERXdwcmRXSmwKY201bGRHVnpNQjRYRFRJeE1USXdOVEUyTWpFeU5Gb1hEVE14TVRJd016RTJNakV5TkZvd0ZURVRNQkVHQTFVRQpBeE1LYTNWaVpYSnVaWFJsY3pDQ0FTSXdEUVlKS29aSWh2Y05BUUVCQlFBRGdnRVBBRENDQVFvQ2dnRUJBTU54CjFDQ1R5SHRyYkFSNTJzTDdWM3FmWkQvZ0FNRTR5M21WWFd2SU9hZDJpNWNnUklpT1oxYzNDYkdNTW5BYmJQN3gKTEJKU2R1TkNSU0hTaGtXYWg3NFF0RldEQ21JcVVGRFIzbENoVURHZFpMcUVsUVF2SEdVOWRrYjNRZlhwRlFSagpsRmdPc3pJS1hGcnlDK1VzTGVUNlRBNml0T2JSM0lScEpIOWNUM3hPeG02M2p6S1VDRkxTRU9QcWlaZWdzSnloCmZOOUZVTXdRZTJXNy9pZ2NUbGcrejVEUXpFaTJsRHpDejJMdm1SQVJ0bWNRdmwzRXlqaHpNSHk5a1QyK0FmNjAKMnFoZ3hOUjJncWVCaWs0cGFCTXZnQVVkcjhjTGFtMEJYMWpwb2UyQncvdFpUZGJLdDhlQnp4OWtzZ2hXbm1GZwoyNW44YnhEYWI3WFZYcnhpOXFjQ0F3RUFBYU5DTUVBd0RnWURWUjBQQVFIL0JBUURBZ0trTUE4R0ExVWRFd0VCCi93UUZNQU1CQWY4d0hRWURWUjBPQkJZRUZPUmhLejgwZXQ2bHQvQlh5Q3N6ZGl5dzhLR3BNQTBHQ1NxR1NJYjMKRFFFQkN3VUFBNElCQVFCV3k1clZxTjBaRGRUWHlmNkZTR2NSOGU2ME5QaEdvK0JRUXdWSGpyN2RtSHhKak9XUApENzZnTWwxUU9QL0FsdXV2Wm15d1BTN0dvTG9vV0ltdTZuUjcvK1IveG9oZ1ZqRnFoVUt3ZE4wTXdMZWRMUExjCjI5MnJxMUdYbk5OSFJXWmw5bXlOVlBhU1ppekc5UXkzUFphM2VORUt3M2wwbDdWQlVuWUxnNk0zK2tialg3aW0Ka0dibXFJVkF6MmVCeDA4MTZ0N284SEdoS21ndThmRWVKSDhRTWJMWFcvZUR5VWQyemt4MEhmaEtoZFdzWmVPcQpWZnZZMWNiOW1qUW1PUm9ROEVFTU9SZGd0MXRCb1NtMEh1Ym9jeE5ibkQvZFViLzBMdkV5YVBqWnR6eEprTXJDCis0TkZOWnkwZjRFcWRVenhUSy8ydmh1a2Exdyszb1FTQmU1ZAotLS0tLUVORCBDRVJUSUZJQ0FURS0tLS0tCg=="
              }
            ],
            "created_at": "2021-12-05 16:14:56.586 +0000 UTC",
            "enabled_cluster_log_types": null,
            "encryption_config": [],
            "endpoint": "https://719C96EE13DE4FF8556CF2860D097691.gr7.eu-central-1.eks.amazonaws.com",
            "id": "notejam-deployment",
            "identity": [
              {
                "oidc": [
                  {
                    "issuer": "https://oidc.eks.eu-central-1.amazonaws.com/id/719C96EE13DE4FF8556CF2860D097691"
                  }
                ]
              }
            ],
            "kubernetes_network_config": [
              {
                "service_ipv4_cidr": "172.20.0.0/16"
              }
            ],
            "name": "notejam-deployment",
            "platform_version": "eks.3",
            "role_arn": "arn:aws:iam::389860772464:role/notejam-deployment-k8s-role",
            "status": "ACTIVE",
            "tags": null,
            "tags_all": {},
            "timeouts": null,
            "version": "1.21",
            "vpc_config": [
              {
                "cluster_security_group_id": "sg-010094dc642e3a967",
                "endpoint_private_access": false,
                "endpoint_public_access": true,
                "public_access_cidrs": [
                  "0.0.0.0/0"
                ],
                "security_group_ids": null,
                "subnet_ids": [
                  "subnet-01f0d5da51893ab3e",
                  "subnet-09772d39d559bdb1c"
                ],
                "vpc_id": "vpc-08362c56a7734b076"
              }
            ]
          },
          "sensitive_attributes": [],
          "private": "eyJlMmJmYjczMC1lY2FhLTExZTYtOGY4OC0zNDM2M2JjN2M0YzAiOnsiY3JlYXRlIjoxODAwMDAwMDAwMDAwLCJkZWxldGUiOjkwMDAwMDAwMDAwMCwidXBkYXRlIjozNjAwMDAwMDAwMDAwfX0=",
          "dependencies": [
            "aws_iam_role.k8s",
            "aws_iam_role_policy_attachment.k8s_policy_attachment1",
            "aws_subnet.private_subnet1",
            "aws_subnet.private_subnet2",
            "aws_vpc.main"
          ]
        }
      ]
    },
    {
      "mode": "managed",
      "type": "aws_eks_node_group",
      "name": "k8s",
      "provider": "provider[\"registry.terraform.io/hashicorp/aws\"]",
      "instances": [
        {
          "schema_version": 0,
          "attributes": {
            "ami_type": "AL2_x86_64",
            "arn": "arn:aws:eks:eu-central-1:389860772464:nodegroup/notejam-deployment/notejam-deployment/9abec5b5-9a22-d48e-4e0e-353e7a184feb",
            "capacity_type": "ON_DEMAND",
            "cluster_name": "notejam-deployment",
            "disk_size": 0,
            "force_update_version": null,
            "id": "notejam-deployment:notejam-deployment",
            "instance_types": [
              "t2.small"
            ],
            "labels": null,
            "launch_template": [
              {
                "id": "lt-0e75818fca7292577",
                "name": "notejam-deployment",
                "version": "1"
              }
            ],
            "node_group_name": "notejam-deployment",
            "node_group_name_prefix": "",
            "node_role_arn": "arn:aws:iam::389860772464:role/notejam-deployment",
            "release_version": "1.21.5-20211117",
            "remote_access": [],
            "resources": [
              {
                "autoscaling_groups": [
                  {
                    "name": "eks-notejam-deployment-9abec5b5-9a22-d48e-4e0e-353e7a184feb"
                  }
                ],
                "remote_access_security_group_id": ""
              }
            ],
            "scaling_config": [
              {
                "desired_size": 2,
                "max_size": 2,
                "min_size": 1
              }
            ],
            "status": "ACTIVE",
            "subnet_ids": [
              "subnet-01f0d5da51893ab3e",
              "subnet-09772d39d559bdb1c"
            ],
            "tags": null,
            "tags_all": {},
            "taint": [],
            "timeouts": null,
            "update_config": [
              {
                "max_unavailable": 1,
                "max_unavailable_percentage": 0
              }
            ],
            "version": "1.21"
          },
          "sensitive_attributes": [],
          "private": "eyJlMmJmYjczMC1lY2FhLTExZTYtOGY4OC0zNDM2M2JjN2M0YzAiOnsiY3JlYXRlIjozNjAwMDAwMDAwMDAwLCJkZWxldGUiOjM2MDAwMDAwMDAwMDAsInVwZGF0ZSI6MzYwMDAwMDAwMDAwMH19",
          "dependencies": [
            "aws_eks_cluster.k8s",
            "aws_iam_role.k8s",
            "aws_iam_role.k8s_node_group",
            "aws_iam_role_policy_attachment.cni_policy",
            "aws_iam_role_policy_attachment.ecr_read_only",
            "aws_iam_role_policy_attachment.k8s_policy_attachment1",
            "aws_iam_role_policy_attachment.worker_node_policy",
            "aws_launch_template.k8s",
            "aws_security_group.bastion",
            "aws_security_group.workers",
            "aws_subnet.private_subnet1",
            "aws_subnet.private_subnet2",
            "aws_vpc.main"
          ]
        }
      ]
    },
    {
      "mode": "managed",
      "type": "aws_iam_role",
      "name": "k8s",
      "provider": "provider[\"registry.terraform.io/hashicorp/aws\"]",
      "instances": [
        {
          "schema_version": 0,
          "attributes": {
            "arn": "arn:aws:iam::389860772464:role/notejam-deployment-k8s-role",
            "assume_role_policy": "{\"Version\":\"2012-10-17\",\"Statement\":[{\"Effect\":\"Allow\",\"Principal\":{\"Service\":\"eks.amazonaws.com\"},\"Action\":\"sts:AssumeRole\"}]}",
            "create_date": "2021-12-05T16:14:53Z",
            "description": "",
            "force_detach_policies": false,
            "id": "notejam-deployment-k8s-role",
            "inline_policy": [
              {
                "name": "",
                "policy": ""
              }
            ],
            "managed_policy_arns": [],
            "max_session_duration": 3600,
            "name": "notejam-deployment-k8s-role",
            "name_prefix": "",
            "path": "/",
            "permissions_boundary": null,
            "tags": null,
            "tags_all": {},
            "unique_id": "AROAVVRMDJJYNVRICP434"
          },
          "sensitive_attributes": [],
          "private": "bnVsbA=="
        }
      ]
    },
    {
      "mode": "managed",
      "type": "aws_iam_role",
      "name": "k8s_node_group",
      "provider": "provider[\"registry.terraform.io/hashicorp/aws\"]",
      "instances": [
        {
          "schema_version": 0,
          "attributes": {
            "arn": "arn:aws:iam::389860772464:role/notejam-deployment",
            "assume_role_policy": "{\"Version\":\"2012-10-17\",\"Statement\":[{\"Effect\":\"Allow\",\"Principal\":{\"Service\":\"ec2.amazonaws.com\"},\"Action\":\"sts:AssumeRole\"}]}",
            "create_date": "2021-12-05T16:14:53Z",
            "description": "",
            "force_detach_policies": false,
            "id": "notejam-deployment",
            "inline_policy": [
              {
                "name": "",
                "policy": ""
              }
            ],
            "managed_policy_arns": [],
            "max_session_duration": 3600,
            "name": "notejam-deployment",
            "name_prefix": "",
            "path": "/",
            "permissions_boundary": null,
            "tags": null,
            "tags_all": {},
            "unique_id": "AROAVVRMDJJYLHUUTOCKK"
          },
          "sensitive_attributes": [],
          "private": "bnVsbA=="
        }
      ]
    },
    {
      "mode": "managed",
      "type": "aws_iam_role_policy_attachment",
      "name": "cni_policy",
      "provider": "provider[\"registry.terraform.io/hashicorp/aws\"]",
      "instances": [
        {
          "schema_version": 0,
          "attributes": {
            "id": "notejam-deployment-20211205161454985500000005",
            "policy_arn": "arn:aws:iam::aws:policy/AmazonEKS_CNI_Policy",
            "role": "notejam-deployment"
          },
          "sensitive_attributes": [],
          "private": "bnVsbA==",
          "dependencies": [
            "aws_iam_role.k8s_node_group"
          ]
        }
      ]
    },
    {
      "mode": "managed",
      "type": "aws_iam_role_policy_attachment",
      "name": "ecr_read_only",
      "provider": "provider[\"registry.terraform.io/hashicorp/aws\"]",
      "instances": [
        {
          "schema_version": 0,
          "attributes": {
            "id": "notejam-deployment-20211205161454982300000004",
            "policy_arn": "arn:aws:iam::aws:policy/AmazonEC2ContainerRegistryReadOnly",
            "role": "notejam-deployment"
          },
          "sensitive_attributes": [],
          "private": "bnVsbA==",
          "dependencies": [
            "aws_iam_role.k8s_node_group"
          ]
        }
      ]
    },
    {
      "mode": "managed",
      "type": "aws_iam_role_policy_attachment",
      "name": "k8s_policy_attachment1",
      "provider": "provider[\"registry.terraform.io/hashicorp/aws\"]",
      "instances": [
        {
          "schema_version": 0,
          "attributes": {
            "id": "notejam-deployment-k8s-role-20211205161454994900000006",
            "policy_arn": "arn:aws:iam::aws:policy/AmazonEKSClusterPolicy",
            "role": "notejam-deployment-k8s-role"
          },
          "sensitive_attributes": [],
          "private": "bnVsbA==",
          "dependencies": [
            "aws_iam_role.k8s"
          ]
        }
      ]
    },
    {
      "mode": "managed",
      "type": "aws_iam_role_policy_attachment",
      "name": "worker_node_policy",
      "provider": "provider[\"registry.terraform.io/hashicorp/aws\"]",
      "instances": [
        {
          "schema_version": 0,
          "attributes": {
            "id": "notejam-deployment-20211205161454978600000003",
            "policy_arn": "arn:aws:iam::aws:policy/AmazonEKSWorkerNodePolicy",
            "role": "notejam-deployment"
          },
          "sensitive_attributes": [],
          "private": "bnVsbA==",
          "dependencies": [
            "aws_iam_role.k8s_node_group"
          ]
        }
      ]
    },
    {
      "mode": "managed",
      "type": "aws_instance",
      "name": "bastion",
      "provider": "provider[\"registry.terraform.io/hashicorp/aws\"]",
      "instances": [
        {
          "schema_version": 1,
          "attributes": {
            "ami": "ami-0d527b8c289b4af7f",
            "arn": "arn:aws:ec2:eu-central-1:389860772464:instance/i-055ee257fd1728ced",
            "associate_public_ip_address": true,
            "availability_zone": "eu-central-1a",
            "capacity_reservation_specification": [
              {
                "capacity_reservation_preference": "open",
                "capacity_reservation_target": []
              }
            ],
            "cpu_core_count": 1,
            "cpu_threads_per_core": 1,
            "credit_specification": [
              {
                "cpu_credits": "standard"
              }
            ],
            "disable_api_termination": false,
            "ebs_block_device": [],
            "ebs_optimized": false,
            "enclave_options": [
              {
                "enabled": false
              }
            ],
            "ephemeral_block_device": [],
            "get_password_data": false,
            "hibernation": false,
            "host_id": null,
            "iam_instance_profile": "",
            "id": "i-055ee257fd1728ced",
            "instance_initiated_shutdown_behavior": "stop",
            "instance_state": "running",
            "instance_type": "t2.micro",
            "ipv6_address_count": 0,
            "ipv6_addresses": [],
            "key_name": "aws_key",
            "launch_template": [],
            "metadata_options": [
              {
                "http_endpoint": "enabled",
                "http_put_response_hop_limit": 1,
                "http_tokens": "optional"
              }
            ],
            "monitoring": false,
            "network_interface": [],
            "outpost_arn": "",
            "password_data": "",
            "placement_group": "",
            "placement_partition_number": null,
            "primary_network_interface_id": "eni-04b0496c49d57894d",
            "private_dns": "ip-10-10-10-96.eu-central-1.compute.internal",
            "private_ip": "10.10.10.96",
            "public_dns": "",
            "public_ip": "52.59.18.43",
            "root_block_device": [
              {
                "delete_on_termination": true,
                "device_name": "/dev/sda1",
                "encrypted": false,
                "iops": 100,
                "kms_key_id": "",
                "tags": {},
                "throughput": 0,
                "volume_id": "vol-0b59ba4aa7adf2708",
                "volume_size": 8,
                "volume_type": "gp2"
              }
            ],
            "secondary_private_ips": [],
            "security_groups": [],
            "source_dest_check": true,
            "subnet_id": "subnet-0344c29b0de463785",
            "tags": {
              "Name": "notejam-deployment-bastion"
            },
            "tags_all": {
              "Name": "notejam-deployment-bastion"
            },
            "tenancy": "default",
            "timeouts": null,
            "user_data": null,
            "user_data_base64": null,
            "volume_tags": null,
            "vpc_security_group_ids": [
              "sg-051c862aa075416a1"
            ]
          },
          "sensitive_attributes": [],
          "private": "eyJlMmJmYjczMC1lY2FhLTExZTYtOGY4OC0zNDM2M2JjN2M0YzAiOnsiY3JlYXRlIjo2MDAwMDAwMDAwMDAsImRlbGV0ZSI6MTIwMDAwMDAwMDAwMCwidXBkYXRlIjo2MDAwMDAwMDAwMDB9LCJzY2hlbWFfdmVyc2lvbiI6IjEifQ==",
          "dependencies": [
            "aws_security_group.bastion",
            "aws_subnet.public_subnet1",
            "aws_vpc.main",
            "data.aws_ami.ubuntu"
          ]
        }
      ]
    },
    {
      "mode": "managed",
      "type": "aws_internet_gateway",
      "name": "gw",
      "provider": "provider[\"registry.terraform.io/hashicorp/aws\"]",
      "instances": [
        {
          "schema_version": 0,
          "attributes": {
            "arn": "arn:aws:ec2:eu-central-1:389860772464:internet-gateway/igw-0a7f99c0f192f7879",
            "id": "igw-0a7f99c0f192f7879",
            "owner_id": "389860772464",
            "tags": {
              "Name": "notejam-deployment"
            },
            "tags_all": {
              "Name": "notejam-deployment"
            },
            "vpc_id": "vpc-08362c56a7734b076"
          },
          "sensitive_attributes": [],
          "private": "bnVsbA==",
          "dependencies": [
            "aws_vpc.main"
          ]
        }
      ]
    },
    {
      "mode": "managed",
      "type": "aws_key_pair",
      "name": "authorized_key",
      "provider": "provider[\"registry.terraform.io/hashicorp/aws\"]",
      "instances": [
        {
          "schema_version": 1,
          "attributes": {
            "arn": "arn:aws:ec2:eu-central-1:389860772464:key-pair/aws_key",
            "fingerprint": "2d:38:fc:0d:6c:8c:b6:2b:02:fb:95:ac:25:2f:1e:3d",
            "id": "aws_key",
            "key_name": "aws_key",
            "key_name_prefix": "",
            "key_pair_id": "key-06b49c7664b6f9d64",
            "public_key": "ssh-rsa AAAAB3NzaC1yc2EAAAADAQABAAABAQDTsYpT0rXXgtHASbCoN57goH14soYe3/WQ/Qhzi/fTBrJOcWVnQT3285WCUbcYjDp9/TVJsjA3oL8c312PXT3xe4KzTQywfAOGjZBUzT9xq7O5Cf2QFnU4r/OjENMtYBLuKcocsOvM0Fo8HsLYqKH4P4ljISphiDBjgAwNLdaJYXb54nE0YUUiTYpp3/FhL1tiR5q5cO5fY0xr2QcEFWpT2MBYZNd3vqS5smlpBLSb68UZi88hi5Pi4w8aXTu998t0Yo29beY/r8fnQPaKyxCeaxiYwD1DmSssODUq2oOTtSoF4NXXTXKl03BUEJqSvVTsZC35nDWna3u5naeIIUyz ubuntu@ip-172-31-16-120",
            "tags": null,
            "tags_all": {}
          },
          "sensitive_attributes": [],
          "private": "eyJzY2hlbWFfdmVyc2lvbiI6IjEifQ=="
        }
      ]
    },
    {
      "mode": "managed",
      "type": "aws_launch_template",
      "name": "k8s",
      "provider": "provider[\"registry.terraform.io/hashicorp/aws\"]",
      "instances": [
        {
          "schema_version": 0,
          "attributes": {
            "arn": "arn:aws:ec2:eu-central-1:389860772464:launch-template/lt-0e75818fca7292577",
            "block_device_mappings": [],
            "capacity_reservation_specification": [],
            "cpu_options": [],
            "credit_specification": [],
            "default_version": 1,
            "description": "",
            "disable_api_termination": false,
            "ebs_optimized": "",
            "elastic_gpu_specifications": [],
            "elastic_inference_accelerator": [],
            "enclave_options": [],
            "hibernation_options": [],
            "iam_instance_profile": [],
            "id": "lt-0e75818fca7292577",
            "image_id": "",
            "instance_initiated_shutdown_behavior": "",
            "instance_market_options": [],
            "instance_type": "",
            "kernel_id": "",
            "key_name": "aws_key",
            "latest_version": 1,
            "license_specification": [],
            "metadata_options": [],
            "monitoring": [],
            "name": "notejam-deployment",
            "name_prefix": "",
            "network_interfaces": [],
            "placement": [],
            "ram_disk_id": "",
            "security_group_names": null,
            "tag_specifications": [
              {
                "resource_type": "instance",
                "tags": {
                  "Name": "notejam-deployment"
                }
              }
            ],
            "tags": null,
            "tags_all": {},
            "update_default_version": null,
            "user_data": "",
            "vpc_security_group_ids": [
              "sg-010094dc642e3a967",
              "sg-01046f0e81fe44d58"
            ]
          },
          "sensitive_attributes": [],
          "private": "bnVsbA==",
          "dependencies": [
            "aws_eks_cluster.k8s",
            "aws_iam_role.k8s",
            "aws_iam_role_policy_attachment.k8s_policy_attachment1",
            "aws_security_group.bastion",
            "aws_security_group.workers",
            "aws_subnet.private_subnet1",
            "aws_subnet.private_subnet2",
            "aws_vpc.main"
          ]
        }
      ]
    },
    {
      "mode": "managed",
      "type": "aws_nat_gateway",
      "name": "nat_gw1",
      "provider": "provider[\"registry.terraform.io/hashicorp/aws\"]",
      "instances": [
        {
          "schema_version": 0,
          "attributes": {
            "allocation_id": "eipalloc-003eb178a4ac293e6",
            "connectivity_type": "public",
            "id": "nat-02772f6fa5cccc56a",
            "network_interface_id": "eni-0a5c715ea3fbadb56",
            "private_ip": "10.10.10.32",
            "public_ip": "3.70.165.77",
            "subnet_id": "subnet-0344c29b0de463785",
            "tags": {
              "Name": "notejam-deployment-1"
            },
            "tags_all": {
              "Name": "notejam-deployment-1"
            }
          },
          "sensitive_attributes": [],
          "private": "bnVsbA==",
          "dependencies": [
            "aws_eip.nat_gw1",
            "aws_internet_gateway.gw",
            "aws_subnet.public_subnet1",
            "aws_vpc.main"
          ]
        }
      ]
    },
    {
      "mode": "managed",
      "type": "aws_nat_gateway",
      "name": "nat_gw2",
      "provider": "provider[\"registry.terraform.io/hashicorp/aws\"]",
      "instances": [
        {
          "schema_version": 0,
          "attributes": {
            "allocation_id": "eipalloc-0c3cfa467a078f518",
            "connectivity_type": "public",
            "id": "nat-04c20bac3bcd2c2d8",
            "network_interface_id": "eni-091f7e71ddb77def3",
            "private_ip": "10.10.20.230",
            "public_ip": "52.29.198.110",
            "subnet_id": "subnet-0b8f1e48e7da99e9e",
            "tags": {
              "Name": "notejam-deployment-2"
            },
            "tags_all": {
              "Name": "notejam-deployment-2"
            }
          },
          "sensitive_attributes": [],
          "private": "bnVsbA==",
          "dependencies": [
            "aws_eip.nat_gw2",
            "aws_internet_gateway.gw",
            "aws_subnet.public_subnet2",
            "aws_vpc.main"
          ]
        }
      ]
    },
    {
      "mode": "managed",
      "type": "aws_route",
      "name": "egress",
      "provider": "provider[\"registry.terraform.io/hashicorp/aws\"]",
      "instances": [
        {
          "schema_version": 0,
          "attributes": {
            "carrier_gateway_id": "",
            "destination_cidr_block": "0.0.0.0/0",
            "destination_ipv6_cidr_block": "",
            "destination_prefix_list_id": "",
            "egress_only_gateway_id": "",
            "gateway_id": "igw-0a7f99c0f192f7879",
            "id": "r-rtb-064b72452117818991080289494",
            "instance_id": "",
            "instance_owner_id": "",
            "local_gateway_id": "",
            "nat_gateway_id": "",
            "network_interface_id": "",
            "origin": "CreateRoute",
            "route_table_id": "rtb-064b7245211781899",
            "state": "active",
            "timeouts": null,
            "transit_gateway_id": "",
            "vpc_endpoint_id": "",
            "vpc_peering_connection_id": ""
          },
          "sensitive_attributes": [],
          "private": "eyJlMmJmYjczMC1lY2FhLTExZTYtOGY4OC0zNDM2M2JjN2M0YzAiOnsiY3JlYXRlIjoxMjAwMDAwMDAwMDAsImRlbGV0ZSI6MzAwMDAwMDAwMDAwLCJ1cGRhdGUiOjEyMDAwMDAwMDAwMH19",
          "dependencies": [
            "aws_internet_gateway.gw",
            "aws_vpc.main"
          ]
        }
      ]
    },
    {
      "mode": "managed",
      "type": "aws_route_table",
      "name": "private_subnet1_egress",
      "provider": "provider[\"registry.terraform.io/hashicorp/aws\"]",
      "instances": [
        {
          "schema_version": 0,
          "attributes": {
            "arn": "arn:aws:ec2:eu-central-1:389860772464:route-table/rtb-0fbf057ec18276a8e",
            "id": "rtb-0fbf057ec18276a8e",
            "owner_id": "389860772464",
            "propagating_vgws": [],
            "route": [
              {
                "carrier_gateway_id": "",
                "cidr_block": "0.0.0.0/0",
                "destination_prefix_list_id": "",
                "egress_only_gateway_id": "",
                "gateway_id": "",
                "instance_id": "",
                "ipv6_cidr_block": "",
                "local_gateway_id": "",
                "nat_gateway_id": "nat-02772f6fa5cccc56a",
                "network_interface_id": "",
                "transit_gateway_id": "",
                "vpc_endpoint_id": "",
                "vpc_peering_connection_id": ""
              }
            ],
            "tags": {
              "Name": "notejam-deployment-private-subnet1-egress"
            },
            "tags_all": {
              "Name": "notejam-deployment-private-subnet1-egress"
            },
            "timeouts": null,
            "vpc_id": "vpc-08362c56a7734b076"
          },
          "sensitive_attributes": [],
          "private": "eyJlMmJmYjczMC1lY2FhLTExZTYtOGY4OC0zNDM2M2JjN2M0YzAiOnsiY3JlYXRlIjoxMjAwMDAwMDAwMDAsImRlbGV0ZSI6MzAwMDAwMDAwMDAwLCJ1cGRhdGUiOjEyMDAwMDAwMDAwMH19",
          "dependencies": [
            "aws_eip.nat_gw1",
            "aws_internet_gateway.gw",
            "aws_nat_gateway.nat_gw1",
            "aws_subnet.public_subnet1",
            "aws_vpc.main"
          ]
        }
      ]
    },
    {
      "mode": "managed",
      "type": "aws_route_table",
      "name": "private_subnet2_egress",
      "provider": "provider[\"registry.terraform.io/hashicorp/aws\"]",
      "instances": [
        {
          "schema_version": 0,
          "attributes": {
            "arn": "arn:aws:ec2:eu-central-1:389860772464:route-table/rtb-0d17a5d20a27c0fa5",
            "id": "rtb-0d17a5d20a27c0fa5",
            "owner_id": "389860772464",
            "propagating_vgws": [],
            "route": [
              {
                "carrier_gateway_id": "",
                "cidr_block": "0.0.0.0/0",
                "destination_prefix_list_id": "",
                "egress_only_gateway_id": "",
                "gateway_id": "",
                "instance_id": "",
                "ipv6_cidr_block": "",
                "local_gateway_id": "",
                "nat_gateway_id": "nat-04c20bac3bcd2c2d8",
                "network_interface_id": "",
                "transit_gateway_id": "",
                "vpc_endpoint_id": "",
                "vpc_peering_connection_id": ""
              }
            ],
            "tags": {
              "Name": "notejam-deployment-private-subnet2-egress"
            },
            "tags_all": {
              "Name": "notejam-deployment-private-subnet2-egress"
            },
            "timeouts": null,
            "vpc_id": "vpc-08362c56a7734b076"
          },
          "sensitive_attributes": [],
          "private": "eyJlMmJmYjczMC1lY2FhLTExZTYtOGY4OC0zNDM2M2JjN2M0YzAiOnsiY3JlYXRlIjoxMjAwMDAwMDAwMDAsImRlbGV0ZSI6MzAwMDAwMDAwMDAwLCJ1cGRhdGUiOjEyMDAwMDAwMDAwMH19",
          "dependencies": [
            "aws_eip.nat_gw2",
            "aws_internet_gateway.gw",
            "aws_nat_gateway.nat_gw2",
            "aws_subnet.public_subnet2",
            "aws_vpc.main"
          ]
        }
      ]
    },
    {
      "mode": "managed",
      "type": "aws_route_table_association",
      "name": "private_subnet1_egress",
      "provider": "provider[\"registry.terraform.io/hashicorp/aws\"]",
      "instances": [
        {
          "schema_version": 0,
          "attributes": {
            "gateway_id": "",
            "id": "rtbassoc-0427b23f5e2d8537b",
            "route_table_id": "rtb-0fbf057ec18276a8e",
            "subnet_id": "subnet-09772d39d559bdb1c"
          },
          "sensitive_attributes": [],
          "private": "bnVsbA==",
          "dependencies": [
            "aws_eip.nat_gw1",
            "aws_internet_gateway.gw",
            "aws_nat_gateway.nat_gw1",
            "aws_route_table.private_subnet1_egress",
            "aws_subnet.private_subnet1",
            "aws_subnet.public_subnet1",
            "aws_vpc.main"
          ]
        }
      ]
    },
    {
      "mode": "managed",
      "type": "aws_route_table_association",
      "name": "private_subnet2_egress",
      "provider": "provider[\"registry.terraform.io/hashicorp/aws\"]",
      "instances": [
        {
          "schema_version": 0,
          "attributes": {
            "gateway_id": "",
            "id": "rtbassoc-09c145638fc7bfc77",
            "route_table_id": "rtb-0d17a5d20a27c0fa5",
            "subnet_id": "subnet-01f0d5da51893ab3e"
          },
          "sensitive_attributes": [],
          "private": "bnVsbA==",
          "dependencies": [
            "aws_eip.nat_gw2",
            "aws_internet_gateway.gw",
            "aws_nat_gateway.nat_gw2",
            "aws_route_table.private_subnet2_egress",
            "aws_subnet.private_subnet2",
            "aws_subnet.public_subnet2",
            "aws_vpc.main"
          ]
        }
      ]
    },
    {
      "mode": "managed",
      "type": "aws_security_group",
      "name": "bastion",
      "provider": "provider[\"registry.terraform.io/hashicorp/aws\"]",
      "instances": [
        {
          "schema_version": 1,
          "attributes": {
            "arn": "arn:aws:ec2:eu-central-1:389860772464:security-group/sg-051c862aa075416a1",
            "description": "Managed by Terraform",
            "egress": [
              {
                "cidr_blocks": [
                  "10.10.0.0/16"
                ],
                "description": "SSH to VPC instances",
                "from_port": 22,
                "ipv6_cidr_blocks": [],
                "prefix_list_ids": [],
                "protocol": "tcp",
                "security_groups": [],
                "self": false,
                "to_port": 22
              }
            ],
            "id": "sg-051c862aa075416a1",
            "ingress": [
              {
                "cidr_blocks": [
                  "0.0.0.0/0"
                ],
                "description": "SSH from the Internet",
                "from_port": 22,
                "ipv6_cidr_blocks": [],
                "prefix_list_ids": [],
                "protocol": "tcp",
                "security_groups": [],
                "self": false,
                "to_port": 22
              }
            ],
            "name": "terraform-20211205161453742300000001",
            "name_prefix": "terraform-",
            "owner_id": "389860772464",
            "revoke_rules_on_delete": false,
            "tags": {
              "Name": "notejam-deployment-bastion"
            },
            "tags_all": {
              "Name": "notejam-deployment-bastion"
            },
            "timeouts": null,
            "vpc_id": "vpc-08362c56a7734b076"
          },
          "sensitive_attributes": [],
          "private": "eyJlMmJmYjczMC1lY2FhLTExZTYtOGY4OC0zNDM2M2JjN2M0YzAiOnsiY3JlYXRlIjo2MDAwMDAwMDAwMDAsImRlbGV0ZSI6OTAwMDAwMDAwMDAwfSwic2NoZW1hX3ZlcnNpb24iOiIxIn0=",
          "dependencies": [
            "aws_vpc.main"
          ]
        }
      ]
    },
    {
      "mode": "managed",
      "type": "aws_security_group",
      "name": "database",
      "provider": "provider[\"registry.terraform.io/hashicorp/aws\"]",
      "instances": [
        {
          "schema_version": 1,
          "attributes": {
            "arn": "arn:aws:ec2:eu-central-1:389860772464:security-group/sg-07e59cbd0bf8e7a76",
            "description": "Managed by Terraform",
            "egress": [],
            "id": "sg-07e59cbd0bf8e7a76",
            "ingress": [
              {
                "cidr_blocks": [
                  "10.10.11.0/24",
                  "10.10.21.0/24"
                ],
                "description": "Incoming access",
                "from_port": 5432,
                "ipv6_cidr_blocks": [],
                "prefix_list_ids": [],
                "protocol": "tcp",
                "security_groups": [],
                "self": false,
                "to_port": 5432
              }
            ],
            "name": "terraform-20211205161453750400000002",
            "name_prefix": "terraform-",
            "owner_id": "389860772464",
            "revoke_rules_on_delete": false,
            "tags": {
              "Name": "notejam-deployment-database"
            },
            "tags_all": {
              "Name": "notejam-deployment-database"
            },
            "timeouts": null,
            "vpc_id": "vpc-08362c56a7734b076"
          },
          "sensitive_attributes": [],
          "private": "eyJlMmJmYjczMC1lY2FhLTExZTYtOGY4OC0zNDM2M2JjN2M0YzAiOnsiY3JlYXRlIjo2MDAwMDAwMDAwMDAsImRlbGV0ZSI6OTAwMDAwMDAwMDAwfSwic2NoZW1hX3ZlcnNpb24iOiIxIn0=",
          "dependencies": [
            "aws_vpc.main"
          ]
        }
      ]
    },
    {
      "mode": "managed",
      "type": "aws_security_group",
      "name": "workers",
      "provider": "provider[\"registry.terraform.io/hashicorp/aws\"]",
      "instances": [
        {
          "schema_version": 1,
          "attributes": {
            "arn": "arn:aws:ec2:eu-central-1:389860772464:security-group/sg-01046f0e81fe44d58",
            "description": "Managed by Terraform",
            "egress": [
              {
                "cidr_blocks": [
                  "0.0.0.0/0"
                ],
                "description": "Outbound traffic",
                "from_port": 0,
                "ipv6_cidr_blocks": [],
                "prefix_list_ids": [],
                "protocol": "-1",
                "security_groups": [],
                "self": false,
                "to_port": 0
              }
            ],
            "id": "sg-01046f0e81fe44d58",
            "ingress": [
              {
                "cidr_blocks": [
                  "0.0.0.0/0"
                ],
                "description": "All other inbound traffic",
                "from_port": 1025,
                "ipv6_cidr_blocks": [],
                "prefix_list_ids": [],
                "protocol": "tcp",
                "security_groups": [],
                "self": false,
                "to_port": 65535
              },
              {
                "cidr_blocks": [
                  "0.0.0.0/0"
                ],
                "description": "Inbound HTTPS traffic",
                "from_port": 443,
                "ipv6_cidr_blocks": [],
                "prefix_list_ids": [],
                "protocol": "tcp",
                "security_groups": [],
                "self": false,
                "to_port": 443
              },
              {
                "cidr_blocks": [],
                "description": "Inbound traffic from other workers",
                "from_port": 0,
                "ipv6_cidr_blocks": [],
                "prefix_list_ids": [],
                "protocol": "-1",
                "security_groups": [],
                "self": true,
                "to_port": 0
              },
              {
                "cidr_blocks": [],
                "description": "SSH from bastion",
                "from_port": 22,
                "ipv6_cidr_blocks": [],
                "prefix_list_ids": [],
                "protocol": "tcp",
                "security_groups": [
                  "sg-051c862aa075416a1"
                ],
                "self": false,
                "to_port": 22
              }
            ],
            "name": "terraform-20211205161455102000000007",
            "name_prefix": "terraform-",
            "owner_id": "389860772464",
            "revoke_rules_on_delete": false,
            "tags": {
              "Name": "notejam-deployment-workers"
            },
            "tags_all": {
              "Name": "notejam-deployment-workers"
            },
            "timeouts": null,
            "vpc_id": "vpc-08362c56a7734b076"
          },
          "sensitive_attributes": [],
          "private": "eyJlMmJmYjczMC1lY2FhLTExZTYtOGY4OC0zNDM2M2JjN2M0YzAiOnsiY3JlYXRlIjo2MDAwMDAwMDAwMDAsImRlbGV0ZSI6OTAwMDAwMDAwMDAwfSwic2NoZW1hX3ZlcnNpb24iOiIxIn0=",
          "dependencies": [
            "aws_security_group.bastion",
            "aws_vpc.main"
          ]
        }
      ]
    },
    {
      "mode": "managed",
      "type": "aws_subnet",
      "name": "private_subnet1",
      "provider": "provider[\"registry.terraform.io/hashicorp/aws\"]",
      "instances": [
        {
          "schema_version": 1,
          "attributes": {
            "arn": "arn:aws:ec2:eu-central-1:389860772464:subnet/subnet-09772d39d559bdb1c",
            "assign_ipv6_address_on_creation": false,
            "availability_zone": "eu-central-1a",
            "availability_zone_id": "euc1-az2",
            "cidr_block": "10.10.11.0/24",
            "customer_owned_ipv4_pool": "",
            "id": "subnet-09772d39d559bdb1c",
            "ipv6_cidr_block": "",
            "ipv6_cidr_block_association_id": "",
            "map_customer_owned_ip_on_launch": false,
            "map_public_ip_on_launch": false,
            "outpost_arn": "",
            "owner_id": "389860772464",
            "tags": {
              "Name": "notejam-deployment-private1",
              "kubernetes.io/role/internal-elb": "1"
            },
            "tags_all": {
              "Name": "notejam-deployment-private1",
              "kubernetes.io/role/internal-elb": "1"
            },
            "timeouts": null,
            "vpc_id": "vpc-08362c56a7734b076"
          },
          "sensitive_attributes": [],
          "private": "eyJlMmJmYjczMC1lY2FhLTExZTYtOGY4OC0zNDM2M2JjN2M0YzAiOnsiY3JlYXRlIjo2MDAwMDAwMDAwMDAsImRlbGV0ZSI6MTIwMDAwMDAwMDAwMH0sInNjaGVtYV92ZXJzaW9uIjoiMSJ9",
          "dependencies": [
            "aws_vpc.main"
          ]
        }
      ]
    },
    {
      "mode": "managed",
      "type": "aws_subnet",
      "name": "private_subnet2",
      "provider": "provider[\"registry.terraform.io/hashicorp/aws\"]",
      "instances": [
        {
          "schema_version": 1,
          "attributes": {
            "arn": "arn:aws:ec2:eu-central-1:389860772464:subnet/subnet-01f0d5da51893ab3e",
            "assign_ipv6_address_on_creation": false,
            "availability_zone": "eu-central-1b",
            "availability_zone_id": "euc1-az3",
            "cidr_block": "10.10.21.0/24",
            "customer_owned_ipv4_pool": "",
            "id": "subnet-01f0d5da51893ab3e",
            "ipv6_cidr_block": "",
            "ipv6_cidr_block_association_id": "",
            "map_customer_owned_ip_on_launch": false,
            "map_public_ip_on_launch": false,
            "outpost_arn": "",
            "owner_id": "389860772464",
            "tags": {
              "Name": "notejam-deployment-private2",
              "kubernetes.io/role/internal-elb": "1"
            },
            "tags_all": {
              "Name": "notejam-deployment-private2",
              "kubernetes.io/role/internal-elb": "1"
            },
            "timeouts": null,
            "vpc_id": "vpc-08362c56a7734b076"
          },
          "sensitive_attributes": [],
          "private": "eyJlMmJmYjczMC1lY2FhLTExZTYtOGY4OC0zNDM2M2JjN2M0YzAiOnsiY3JlYXRlIjo2MDAwMDAwMDAwMDAsImRlbGV0ZSI6MTIwMDAwMDAwMDAwMH0sInNjaGVtYV92ZXJzaW9uIjoiMSJ9",
          "dependencies": [
            "aws_vpc.main"
          ]
        }
      ]
    },
    {
      "mode": "managed",
      "type": "aws_subnet",
      "name": "public_subnet1",
      "provider": "provider[\"registry.terraform.io/hashicorp/aws\"]",
      "instances": [
        {
          "schema_version": 1,
          "attributes": {
            "arn": "arn:aws:ec2:eu-central-1:389860772464:subnet/subnet-0344c29b0de463785",
            "assign_ipv6_address_on_creation": false,
            "availability_zone": "eu-central-1a",
            "availability_zone_id": "euc1-az2",
            "cidr_block": "10.10.10.0/24",
            "customer_owned_ipv4_pool": "",
            "id": "subnet-0344c29b0de463785",
            "ipv6_cidr_block": "",
            "ipv6_cidr_block_association_id": "",
            "map_customer_owned_ip_on_launch": false,
            "map_public_ip_on_launch": true,
            "outpost_arn": "",
            "owner_id": "389860772464",
            "tags": {
              "Name": "notejam-deployment-public1",
              "kubernetes.io/role/elb": "1"
            },
            "tags_all": {
              "Name": "notejam-deployment-public1",
              "kubernetes.io/role/elb": "1"
            },
            "timeouts": null,
            "vpc_id": "vpc-08362c56a7734b076"
          },
          "sensitive_attributes": [],
          "private": "eyJlMmJmYjczMC1lY2FhLTExZTYtOGY4OC0zNDM2M2JjN2M0YzAiOnsiY3JlYXRlIjo2MDAwMDAwMDAwMDAsImRlbGV0ZSI6MTIwMDAwMDAwMDAwMH0sInNjaGVtYV92ZXJzaW9uIjoiMSJ9",
          "dependencies": [
            "aws_vpc.main"
          ]
        }
      ]
    },
    {
      "mode": "managed",
      "type": "aws_subnet",
      "name": "public_subnet2",
      "provider": "provider[\"registry.terraform.io/hashicorp/aws\"]",
      "instances": [
        {
          "schema_version": 1,
          "attributes": {
            "arn": "arn:aws:ec2:eu-central-1:389860772464:subnet/subnet-0b8f1e48e7da99e9e",
            "assign_ipv6_address_on_creation": false,
            "availability_zone": "eu-central-1b",
            "availability_zone_id": "euc1-az3",
            "cidr_block": "10.10.20.0/24",
            "customer_owned_ipv4_pool": "",
            "id": "subnet-0b8f1e48e7da99e9e",
            "ipv6_cidr_block": "",
            "ipv6_cidr_block_association_id": "",
            "map_customer_owned_ip_on_launch": false,
            "map_public_ip_on_launch": true,
            "outpost_arn": "",
            "owner_id": "389860772464",
            "tags": {
              "Name": "notejam-deployment-public2",
              "kubernetes.io/role/elb": "1"
            },
            "tags_all": {
              "Name": "notejam-deployment-public2",
              "kubernetes.io/role/elb": "1"
            },
            "timeouts": null,
            "vpc_id": "vpc-08362c56a7734b076"
          },
          "sensitive_attributes": [],
          "private": "eyJlMmJmYjczMC1lY2FhLTExZTYtOGY4OC0zNDM2M2JjN2M0YzAiOnsiY3JlYXRlIjo2MDAwMDAwMDAwMDAsImRlbGV0ZSI6MTIwMDAwMDAwMDAwMH0sInNjaGVtYV92ZXJzaW9uIjoiMSJ9",
          "dependencies": [
            "aws_vpc.main"
          ]
        }
      ]
    },
    {
      "mode": "managed",
      "type": "aws_vpc",
      "name": "main",
      "provider": "provider[\"registry.terraform.io/hashicorp/aws\"]",
      "instances": [
        {
          "schema_version": 1,
          "attributes": {
            "arn": "arn:aws:ec2:eu-central-1:389860772464:vpc/vpc-08362c56a7734b076",
            "assign_generated_ipv6_cidr_block": false,
            "cidr_block": "10.10.0.0/16",
            "default_network_acl_id": "acl-0b88c201275806bd8",
            "default_route_table_id": "rtb-064b7245211781899",
            "default_security_group_id": "sg-07f7b7ed593d8d038",
            "dhcp_options_id": "dopt-42c9de29",
            "enable_classiclink": null,
            "enable_classiclink_dns_support": null,
            "enable_dns_hostnames": false,
            "enable_dns_support": true,
            "id": "vpc-08362c56a7734b076",
            "instance_tenancy": "default",
            "ipv4_ipam_pool_id": null,
            "ipv4_netmask_length": null,
            "ipv6_association_id": "",
            "ipv6_cidr_block": "",
            "ipv6_ipam_pool_id": null,
            "ipv6_netmask_length": null,
            "main_route_table_id": "rtb-064b7245211781899",
            "owner_id": "389860772464",
            "tags": {
              "Name": "notejam-deployment"
            },
            "tags_all": {
              "Name": "notejam-deployment"
            }
          },
          "sensitive_attributes": [],
          "private": "eyJzY2hlbWFfdmVyc2lvbiI6IjEifQ=="
        }
      ]
    }
  ]
}
